
Microsoft Visual Studio Solution File, Format Version 12.00
# Visual Studio 15
VisualStudioVersion = 15.0.33801.198
MinimumVisualStudioVersion = 10.0.40219.1
Project("{8BC9CEB8-8B4A-11D0-8D11-00A0C91BC942}") = "LaserBurningConfig", "LaserBurningConfig\LaserBurningConfig.vcxproj", "{3E2C6B1E-4EB0-4A7D-85C1-979D5D1AE7D4}"
EndProject
Global
	GlobalSection(SolutionConfigurationPlatforms) = preSolution
		Debug|x64 = Debug|x64
		Debug|x86 = Debug|x86
		Release|x64 = Release|x64
		Release|x86 = Release|x86
	EndGlobalSection
	GlobalSection(ProjectConfigurationPlatforms) = postSolution
		{3E2C6B1E-4EB0-4A7D-85C1-979D5D1AE7D4}.Debug|x64.ActiveCfg = Debug|x64
		{3E2C6B1E-4EB0-4A7D-85C1-979D5D1AE7D4}.Debug|x64.Build.0 = Debug|x64
		{3E2C6B1E-4EB0-4A7D-85C1-979D5D1AE7D4}.Debug|x86.ActiveCfg = Debug|Win32
		{3E2C6B1E-4EB0-4A7D-85C1-979D5D1AE7D4}.Debug|x86.Build.0 = Debug|Win32
		{3E2C6B1E-4EB0-4A7D-85C1-979D5D1AE7D4}.Release|x64.ActiveCfg = Release|x64
		{3E2C6B1E-4EB0-4A7D-85C1-979D5D1AE7D4}.Release|x64.Build.0 = Release|x64
		{3E2C6B1E-4EB0-4A7D-85C1-979D5D1AE7D4}.Release|x86.ActiveCfg = Release|Win32
		{3E2C6B1E-4EB0-4A7D-85C1-979D5D1AE7D4}.Release|x86.Build.0 = Release|Win32
	EndGlobalSection
	GlobalSection(SolutionProperties) = preSolution
		HideSolutionNode = FALSE
	EndGlobalSection
	GlobalSection(ExtensibilityGlobals) = postSolution
		SolutionGuid = {8E3C9ACD-A2A7-4848-B95D-3A79C1691EB3}
	EndGlobalSection
EndGlobal
